
Microsoft Visual Studio Solution File, Format Version 12.00
# Visual Studio Version 17
VisualStudioVersion = 17.8.34330.188
MinimumVisualStudioVersion = 10.0.40219.1
Project("{FAE04EC0-301F-11D3-BF4B-00C04F79EFBC}") = "ConsoleUI", "ConsoleUI\ConsoleUI.csproj", "{D1F50A6B-D1DC-4052-8596-7717194FDD88}"
EndProject
Project("{FAE04EC0-301F-11D3-BF4B-00C04F79EFBC}") = "Lib_Datacombs", "Lib_Datacombs\Lib_Datacombs.csproj", "{92B9F57F-D04E-4116-BE25-F4680BDF3774}"
EndProject
Global
	GlobalSection(SolutionConfigurationPlatforms) = preSolution
		Debug|Any CPU = Debug|Any CPU
		Release|Any CPU = Release|Any CPU
	EndGlobalSection
	GlobalSection(ProjectConfigurationPlatforms) = postSolution
		{D1F50A6B-D1DC-4052-8596-7717194FDD88}.Debug|Any CPU.ActiveCfg = Debug|Any CPU
		{D1F50A6B-D1DC-4052-8596-7717194FDD88}.Debug|Any CPU.Build.0 = Debug|Any CPU
		{D1F50A6B-D1DC-4052-8596-7717194FDD88}.Release|Any CPU.ActiveCfg = Release|Any CPU
		{D1F50A6B-D1DC-4052-8596-7717194FDD88}.Release|Any CPU.Build.0 = Release|Any CPU
		{92B9F57F-D04E-4116-BE25-F4680BDF3774}.Debug|Any CPU.ActiveCfg = Debug|Any CPU
		{92B9F57F-D04E-4116-BE25-F4680BDF3774}.Debug|Any CPU.Build.0 = Debug|Any CPU
		{92B9F57F-D04E-4116-BE25-F4680BDF3774}.Release|Any CPU.ActiveCfg = Release|Any CPU
		{92B9F57F-D04E-4116-BE25-F4680BDF3774}.Release|Any CPU.Build.0 = Release|Any CPU
	EndGlobalSection
	GlobalSection(SolutionProperties) = preSolution
		HideSolutionNode = FALSE
	EndGlobalSection
	GlobalSection(ExtensibilityGlobals) = postSolution
		SolutionGuid = {D0201E1C-EECE-4232-99FD-A72169761BE3}
	EndGlobalSection
EndGlobal
